
Microsoft Visual Studio Solution File, Format Version 12.00
# Visual Studio Version 17
VisualStudioVersion = 17.8.34330.188
MinimumVisualStudioVersion = 10.0.40219.1
Project("{2150E333-8FDC-42A3-9474-1A3956D46DE8}") = "src", "src", "{A040CCCA-EF87-47CB-8481-479E845FE388}"
EndProject
Project("{FAE04EC0-301F-11D3-BF4B-00C04F79EFBC}") = "ReprPattern.API", "src\ReprPattern.API\ReprPattern.API.csproj", "{CCFFAD1B-2CF0-4A4D-9B4B-862DC6E4D259}"
EndProject
Global
	GlobalSection(SolutionConfigurationPlatforms) = preSolution
		Debug|Any CPU = Debug|Any CPU
		Release|Any CPU = Release|Any CPU
	EndGlobalSection
	GlobalSection(ProjectConfigurationPlatforms) = postSolution
		{CCFFAD1B-2CF0-4A4D-9B4B-862DC6E4D259}.Debug|Any CPU.ActiveCfg = Debug|Any CPU
		{CCFFAD1B-2CF0-4A4D-9B4B-862DC6E4D259}.Debug|Any CPU.Build.0 = Debug|Any CPU
		{CCFFAD1B-2CF0-4A4D-9B4B-862DC6E4D259}.Release|Any CPU.ActiveCfg = Release|Any CPU
		{CCFFAD1B-2CF0-4A4D-9B4B-862DC6E4D259}.Release|Any CPU.Build.0 = Release|Any CPU
	EndGlobalSection
	GlobalSection(SolutionProperties) = preSolution
		HideSolutionNode = FALSE
	EndGlobalSection
	GlobalSection(NestedProjects) = preSolution
		{CCFFAD1B-2CF0-4A4D-9B4B-862DC6E4D259} = {A040CCCA-EF87-47CB-8481-479E845FE388}
	EndGlobalSection
	GlobalSection(ExtensibilityGlobals) = postSolution
		SolutionGuid = {EC45F506-E394-4829-B6D7-F8CB6FA1EE48}
	EndGlobalSection
EndGlobal
